
Microsoft Visual Studio Solution File, Format Version 12.00
# Visual Studio 15
VisualStudioVersion = 15.0.28010.2026
MinimumVisualStudioVersion = 10.0.40219.1
Project("{8BC9CEB8-8B4A-11D0-8D11-00A0C91BC942}") = "AVL", "AVL\AVL.vcxproj", "{E158C0F0-D0BA-4D4B-9B08-4A216194AD61}"
EndProject
Global
	GlobalSection(SolutionConfigurationPlatforms) = preSolution
		Debug|x64 = Debug|x64
		Debug|x86 = Debug|x86
		Release|x64 = Release|x64
		Release|x86 = Release|x86
	EndGlobalSection
	GlobalSection(ProjectConfigurationPlatforms) = postSolution
		{E158C0F0-D0BA-4D4B-9B08-4A216194AD61}.Debug|x64.ActiveCfg = Debug|x64
		{E158C0F0-D0BA-4D4B-9B08-4A216194AD61}.Debug|x64.Build.0 = Debug|x64
		{E158C0F0-D0BA-4D4B-9B08-4A216194AD61}.Debug|x86.ActiveCfg = Debug|Win32
		{E158C0F0-D0BA-4D4B-9B08-4A216194AD61}.Debug|x86.Build.0 = Debug|Win32
		{E158C0F0-D0BA-4D4B-9B08-4A216194AD61}.Release|x64.ActiveCfg = Release|x64
		{E158C0F0-D0BA-4D4B-9B08-4A216194AD61}.Release|x64.Build.0 = Release|x64
		{E158C0F0-D0BA-4D4B-9B08-4A216194AD61}.Release|x86.ActiveCfg = Release|Win32
		{E158C0F0-D0BA-4D4B-9B08-4A216194AD61}.Release|x86.Build.0 = Release|Win32
	EndGlobalSection
	GlobalSection(SolutionProperties) = preSolution
		HideSolutionNode = FALSE
	EndGlobalSection
	GlobalSection(ExtensibilityGlobals) = postSolution
		SolutionGuid = {7224F8B4-0DBC-44EA-81D7-2E3CAC91383F}
	EndGlobalSection
EndGlobal
